
Microsoft Visual Studio Solution File, Format Version 12.00
# Visual Studio Version 16
VisualStudioVersion = 16.0.30907.101
MinimumVisualStudioVersion = 10.0.40219.1
Project("{9A19103F-16F7-4668-BE54-9A1E7A4F7556}") = "KampIntro", "KampIntro\KampIntro.csproj", "{4488514E-05E6-408F-B8B5-024E533BD91D}"
EndProject
Project("{9A19103F-16F7-4668-BE54-9A1E7A4F7556}") = "Metotlar", "Metotlar\Metotlar.csproj", "{122B5E85-73A8-4EE6-9EA8-889DA41CEB30}"
EndProject
Project("{9A19103F-16F7-4668-BE54-9A1E7A4F7556}") = "DegerVeReferansTipler", "DegerVeReferansTipler\DegerVeReferansTipler.csproj", "{29DD81DD-5AE0-468A-886F-DAF598EB274C}"
EndProject
Project("{9A19103F-16F7-4668-BE54-9A1E7A4F7556}") = "OOP1", "OOP1\OOP1.csproj", "{FCA295DC-450F-4A7F-BE7E-1D85D50BC527}"
EndProject
Project("{9A19103F-16F7-4668-BE54-9A1E7A4F7556}") = "Collections", "Collections\Collections.csproj", "{4F468DC4-8696-49F2-A6DA-03E2D98218BF}"
EndProject
Project("{9A19103F-16F7-4668-BE54-9A1E7A4F7556}") = "GenericsIntro", "GenericsIntro\GenericsIntro.csproj", "{2E302A35-5749-4819-ACAA-FED09F08D35A}"
EndProject
Project("{FAE04EC0-301F-11D3-BF4B-00C04F79EFBC}") = "OOP2", "OOP2\OOP2.csproj", "{A48425DF-065A-45F3-9431-DAAF7F183298}"
EndProject
Project("{FAE04EC0-301F-11D3-BF4B-00C04F79EFBC}") = "OOP3", "OOP3\OOP3.csproj", "{16C21DB6-ABBF-44AE-A694-D7B55B339A96}"
EndProject
Global
	GlobalSection(SolutionConfigurationPlatforms) = preSolution
		Debug|Any CPU = Debug|Any CPU
		Release|Any CPU = Release|Any CPU
	EndGlobalSection
	GlobalSection(ProjectConfigurationPlatforms) = postSolution
		{4488514E-05E6-408F-B8B5-024E533BD91D}.Debug|Any CPU.ActiveCfg = Debug|Any CPU
		{4488514E-05E6-408F-B8B5-024E533BD91D}.Debug|Any CPU.Build.0 = Debug|Any CPU
		{4488514E-05E6-408F-B8B5-024E533BD91D}.Release|Any CPU.ActiveCfg = Release|Any CPU
		{4488514E-05E6-408F-B8B5-024E533BD91D}.Release|Any CPU.Build.0 = Release|Any CPU
		{122B5E85-73A8-4EE6-9EA8-889DA41CEB30}.Debug|Any CPU.ActiveCfg = Debug|Any CPU
		{122B5E85-73A8-4EE6-9EA8-889DA41CEB30}.Debug|Any CPU.Build.0 = Debug|Any CPU
		{122B5E85-73A8-4EE6-9EA8-889DA41CEB30}.Release|Any CPU.ActiveCfg = Release|Any CPU
		{122B5E85-73A8-4EE6-9EA8-889DA41CEB30}.Release|Any CPU.Build.0 = Release|Any CPU
		{29DD81DD-5AE0-468A-886F-DAF598EB274C}.Debug|Any CPU.ActiveCfg = Debug|Any CPU
		{29DD81DD-5AE0-468A-886F-DAF598EB274C}.Debug|Any CPU.Build.0 = Debug|Any CPU
		{29DD81DD-5AE0-468A-886F-DAF598EB274C}.Release|Any CPU.ActiveCfg = Release|Any CPU
		{29DD81DD-5AE0-468A-886F-DAF598EB274C}.Release|Any CPU.Build.0 = Release|Any CPU
		{FCA295DC-450F-4A7F-BE7E-1D85D50BC527}.Debug|Any CPU.ActiveCfg = Debug|Any CPU
		{FCA295DC-450F-4A7F-BE7E-1D85D50BC527}.Debug|Any CPU.Build.0 = Debug|Any CPU
		{FCA295DC-450F-4A7F-BE7E-1D85D50BC527}.Release|Any CPU.ActiveCfg = Release|Any CPU
		{FCA295DC-450F-4A7F-BE7E-1D85D50BC527}.Release|Any CPU.Build.0 = Release|Any CPU
		{4F468DC4-8696-49F2-A6DA-03E2D98218BF}.Debug|Any CPU.ActiveCfg = Debug|Any CPU
		{4F468DC4-8696-49F2-A6DA-03E2D98218BF}.Debug|Any CPU.Build.0 = Debug|Any CPU
		{4F468DC4-8696-49F2-A6DA-03E2D98218BF}.Release|Any CPU.ActiveCfg = Release|Any CPU
		{4F468DC4-8696-49F2-A6DA-03E2D98218BF}.Release|Any CPU.Build.0 = Release|Any CPU
		{2E302A35-5749-4819-ACAA-FED09F08D35A}.Debug|Any CPU.ActiveCfg = Debug|Any CPU
		{2E302A35-5749-4819-ACAA-FED09F08D35A}.Debug|Any CPU.Build.0 = Debug|Any CPU
		{2E302A35-5749-4819-ACAA-FED09F08D35A}.Release|Any CPU.ActiveCfg = Release|Any CPU
		{2E302A35-5749-4819-ACAA-FED09F08D35A}.Release|Any CPU.Build.0 = Release|Any CPU
		{A48425DF-065A-45F3-9431-DAAF7F183298}.Debug|Any CPU.ActiveCfg = Debug|Any CPU
		{A48425DF-065A-45F3-9431-DAAF7F183298}.Debug|Any CPU.Build.0 = Debug|Any CPU
		{A48425DF-065A-45F3-9431-DAAF7F183298}.Release|Any CPU.ActiveCfg = Release|Any CPU
		{A48425DF-065A-45F3-9431-DAAF7F183298}.Release|Any CPU.Build.0 = Release|Any CPU
		{16C21DB6-ABBF-44AE-A694-D7B55B339A96}.Debug|Any CPU.ActiveCfg = Debug|Any CPU
		{16C21DB6-ABBF-44AE-A694-D7B55B339A96}.Debug|Any CPU.Build.0 = Debug|Any CPU
		{16C21DB6-ABBF-44AE-A694-D7B55B339A96}.Release|Any CPU.ActiveCfg = Release|Any CPU
		{16C21DB6-ABBF-44AE-A694-D7B55B339A96}.Release|Any CPU.Build.0 = Release|Any CPU
	EndGlobalSection
	GlobalSection(SolutionProperties) = preSolution
		HideSolutionNode = FALSE
	EndGlobalSection
	GlobalSection(ExtensibilityGlobals) = postSolution
		SolutionGuid = {039C9C1F-704E-4CE2-B9C9-6EDDD434F7B4}
	EndGlobalSection
EndGlobal
